<?xml version="1.0"?>
<CONFIG>
  <ProjectOptions>
    <Version Value="9"/>
    <PathDelim Value="\"/>
    <General>
      <MainUnit Value="0"/>
      <Title Value="FIIRHPBessel"/>
      <ResourceType Value="res"/>
      <UseXPManifest Value="True"/>
      <Icon Value="0"/>
      <ActiveWindowIndexAtStart Value="0"/>
    </General>
    <VersionInfo>
      <Language Value=""/>
      <CharSet Value=""/>
      <StringTable ProductVersion=""/>
    </VersionInfo>
    <BuildModes Count="1">
      <Item1 Name="default" Default="True"/>
    </BuildModes>
    <PublishOptions>
      <Version Value="2"/>
      <IgnoreBinaries Value="False"/>
      <IncludeFileFilter Value="*.(pas|pp|inc|lfm|lpr|lrs|lpi|lpk|sh|xml)"/>
      <ExcludeFileFilter Value="*.(bak|ppu|ppw|o|so);*~;backup"/>
    </PublishOptions>
    <RunParams>
      <local>
        <FormatVersion Value="1"/>
        <LaunchingApplication PathPlusParams="/usr/X11R6/bin/xterm -T 'Lazarus Run Output' -e $(LazarusDir)/tools/runwait.sh $(TargetCmdLine)"/>
      </local>
    </RunParams>
    <RequiredPackages Count="5">
      <Item1>
        <PackageName Value="LazFiltersPkg"/>
        <MinVersion Minor="1" Valid="True"/>
      </Item1>
      <Item2>
        <PackageName Value="FCL"/>
        <MinVersion Major="1" Valid="True"/>
      </Item2>
      <Item3>
        <PackageName Value="MemDSLaz"/>
        <MinVersion Major="1" Minor="2" Valid="True" Release="1"/>
      </Item3>
      <Item4>
        <PackageName Value="TAChartLazarusPkg"/>
        <MinVersion Major="1" Valid="True"/>
      </Item4>
      <Item5>
        <PackageName Value="LCL"/>
      </Item5>
    </RequiredPackages>
    <Units Count="31">
      <Unit0>
        <Filename Value="FIIRHPBessel.lpr"/>
        <IsPartOfProject Value="True"/>
        <UnitName Value="FIIRHPBessel"/>
        <EditorIndex Value="1"/>
        <WindowIndex Value="0"/>
        <TopLine Value="1"/>
        <CursorPos X="33" Y="13"/>
        <UsageCount Value="78"/>
        <Loaded Value="True"/>
      </Unit0>
      <Unit1>
        <Filename Value="frmMain.pas"/>
        <IsPartOfProject Value="True"/>
        <ComponentName Value="Form1"/>
        <ResourceBaseClass Value="Form"/>
        <UnitName Value="frmMain"/>
        <IsVisibleTab Value="True"/>
        <EditorIndex Value="0"/>
        <WindowIndex Value="0"/>
        <TopLine Value="49"/>
        <CursorPos X="17" Y="58"/>
        <UsageCount Value="78"/>
        <Loaded Value="True"/>
        <LoadedDesigner Value="True"/>
      </Unit1>
      <Unit2>
        <Filename Value="..\..\Source\dspIIRFilters.pas"/>
        <UnitName Value="dspIIRFilters"/>
        <WindowIndex Value="0"/>
        <TopLine Value="120"/>
        <CursorPos X="6" Y="152"/>
        <UsageCount Value="18"/>
      </Unit2>
      <Unit3>
        <Filename Value="..\..\Source\dspComplex.pas"/>
        <UnitName Value="dspcomplex"/>
        <WindowIndex Value="0"/>
        <TopLine Value="160"/>
        <CursorPos X="23" Y="154"/>
        <UsageCount Value="18"/>
      </Unit3>
      <Unit4>
        <Filename Value="..\..\Source\dspTypes.pas"/>
        <UnitName Value="dspTypes"/>
        <WindowIndex Value="0"/>
        <TopLine Value="1"/>
        <CursorPos X="18" Y="6"/>
        <UsageCount Value="18"/>
      </Unit4>
      <Unit5>
        <Filename Value="..\..\..\..\lcl\include\control.inc"/>
        <WindowIndex Value="0"/>
        <TopLine Value="3179"/>
        <CursorPos X="1" Y="3189"/>
        <UsageCount Value="21"/>
      </Unit5>
      <Unit6>
        <Filename Value="..\..\..\..\lcl\lresources.pp"/>
        <UnitName Value="LResources"/>
        <WindowIndex Value="0"/>
        <TopLine Value="757"/>
        <CursorPos X="1" Y="767"/>
        <UsageCount Value="21"/>
      </Unit6>
      <Unit7>
        <Filename Value="..\..\..\..\fpc\2.4.1\source\rtl\inc\mathh.inc"/>
        <TopLine Value="4"/>
        <CursorPos X="60" Y="90"/>
        <UsageCount Value="9"/>
      </Unit7>
      <Unit8>
        <Filename Value="..\..\..\..\fpc\2.4.1\source\rtl\objpas\math.pp"/>
        <UnitName Value="math"/>
        <TopLine Value="248"/>
        <CursorPos X="13" Y="265"/>
        <UsageCount Value="9"/>
      </Unit8>
      <Unit9>
        <Filename Value="..\..\..\..\fpc\2.4.1\source\rtl\i386\mathu.inc"/>
        <TopLine Value="10"/>
        <CursorPos X="32" Y="23"/>
        <UsageCount Value="9"/>
      </Unit9>
      <Unit10>
        <Filename Value="..\..\filteriirpbbutterworth.pas"/>
        <UnitName Value="FilterIIRPBButterworth"/>
        <WindowIndex Value="0"/>
        <TopLine Value="56"/>
        <CursorPos X="31" Y="69"/>
        <UsageCount Value="24"/>
      </Unit10>
      <Unit11>
        <Filename Value="..\..\filteriirpb.pas"/>
        <UnitName Value="FilterIIRPB"/>
        <WindowIndex Value="0"/>
        <TopLine Value="79"/>
        <CursorPos X="50" Y="99"/>
        <UsageCount Value="23"/>
      </Unit11>
      <Unit12>
        <Filename Value="..\..\filter.pas"/>
        <UnitName Value="Filter"/>
        <WindowIndex Value="0"/>
        <TopLine Value="18"/>
        <CursorPos X="18" Y="29"/>
        <UsageCount Value="23"/>
      </Unit12>
      <Unit13>
        <Filename Value="..\..\..\..\fpc\2.4.3\source\rtl\objpas\classes\classesh.inc"/>
        <WindowIndex Value="0"/>
        <TopLine Value="666"/>
        <CursorPos X="19" Y="676"/>
        <UsageCount Value="7"/>
      </Unit13>
      <Unit14>
        <Filename Value="..\..\filteriir.pas"/>
        <UnitName Value="FilterIIR"/>
        <WindowIndex Value="0"/>
        <TopLine Value="57"/>
        <CursorPos X="1" Y="75"/>
        <UsageCount Value="23"/>
      </Unit14>
      <Unit15>
        <Filename Value="..\..\UOperator.pas"/>
        <UnitName Value="UOperator"/>
        <WindowIndex Value="0"/>
        <TopLine Value="10"/>
        <CursorPos X="1" Y="53"/>
        <UsageCount Value="23"/>
      </Unit15>
      <Unit16>
        <Filename Value="..\..\..\..\lcl\include\customform.inc"/>
        <WindowIndex Value="0"/>
        <TopLine Value="2831"/>
        <CursorPos X="1" Y="2841"/>
        <UsageCount Value="14"/>
      </Unit16>
      <Unit17>
        <Filename Value="..\..\UType.pas"/>
        <UnitName Value="UType"/>
        <WindowIndex Value="0"/>
        <TopLine Value="2"/>
        <CursorPos X="10" Y="9"/>
        <UsageCount Value="23"/>
      </Unit17>
      <Unit18>
        <Filename Value="..\..\..\..\fpc\2.4.3\source\rtl\inc\mathh.inc"/>
        <WindowIndex Value="0"/>
        <TopLine Value="67"/>
        <CursorPos X="64" Y="86"/>
        <UsageCount Value="21"/>
      </Unit18>
      <Unit19>
        <Filename Value="..\..\..\..\fpc\2.4.3\source\rtl\win\systhrd.inc"/>
        <WindowIndex Value="0"/>
        <TopLine Value="319"/>
        <CursorPos X="15" Y="328"/>
        <UsageCount Value="12"/>
      </Unit19>
      <Unit20>
        <Filename Value="..\..\UConst.pas"/>
        <UnitName Value="UConst"/>
        <TopLine Value="1"/>
        <CursorPos X="29" Y="11"/>
        <UsageCount Value="19"/>
      </Unit20>
      <Unit21>
        <Filename Value="..\..\..\..\fpc\2.4.3\source\rtl\objpas\math.pp"/>
        <UnitName Value="math"/>
        <WindowIndex Value="0"/>
        <TopLine Value="61"/>
        <CursorPos X="10" Y="71"/>
        <UsageCount Value="9"/>
      </Unit21>
      <Unit22>
        <Filename Value="..\..\filteriirpbchebyshev.pas"/>
        <UnitName Value="FilterIIRPBChebyshev"/>
        <TopLine Value="4"/>
        <CursorPos X="20" Y="15"/>
        <UsageCount Value="11"/>
      </Unit22>
      <Unit23>
        <Filename Value="..\..\filteriirpbbessel.pas"/>
        <UnitName Value="FilterIIRPBBessel"/>
        <WindowIndex Value="0"/>
        <TopLine Value="100"/>
        <CursorPos X="11" Y="106"/>
        <UsageCount Value="10"/>
      </Unit23>
      <Unit24>
        <Filename Value="..\..\..\..\components\tachart\tatypes.pas"/>
        <UnitName Value="TATypes"/>
        <WindowIndex Value="0"/>
        <TopLine Value="856"/>
        <CursorPos X="1" Y="868"/>
        <UsageCount Value="10"/>
      </Unit24>
      <Unit25>
        <Filename Value="..\..\..\..\lcl\customtimer.pas"/>
        <UnitName Value="CustomTimer"/>
        <WindowIndex Value="0"/>
        <TopLine Value="182"/>
        <CursorPos X="38" Y="196"/>
        <UsageCount Value="10"/>
      </Unit25>
      <Unit26>
        <Filename Value="..\..\..\..\fpc\2.4.3\source\rtl\inc\systemh.inc"/>
        <WindowIndex Value="0"/>
        <TopLine Value="109"/>
        <CursorPos X="21" Y="120"/>
        <UsageCount Value="10"/>
      </Unit26>
      <Unit27>
        <Filename Value="..\..\FilterIIRPA.pas"/>
        <UnitName Value="FilterIIRPA"/>
        <WindowIndex Value="0"/>
        <TopLine Value="7"/>
        <CursorPos X="53" Y="96"/>
        <UsageCount Value="10"/>
      </Unit27>
      <Unit28>
        <Filename Value="..\..\filteriirpband.pas"/>
        <UnitName Value="FilterIIRPBand"/>
        <TopLine Value="58"/>
        <CursorPos X="46" Y="64"/>
        <UsageCount Value="10"/>
      </Unit28>
      <Unit29>
        <Filename Value="..\..\filteriirpabutterworth.pas"/>
        <UnitName Value="FilterIIRPAButterworth"/>
        <TopLine Value="95"/>
        <CursorPos X="1" Y="1"/>
        <UsageCount Value="10"/>
      </Unit29>
      <Unit30>
        <Filename Value="..\..\filteriirpachebyshev.pas"/>
        <UnitName Value="FilterIIRPAChebyshev"/>
        <WindowIndex Value="0"/>
        <TopLine Value="10"/>
        <CursorPos X="21" Y="109"/>
        <UsageCount Value="10"/>
      </Unit30>
    </Units>
    <JumpHistory Count="30" HistoryIndex="29">
      <Position1>
        <Filename Value="frmMain.pas"/>
        <Caret Line="187" Column="49" TopLine="179"/>
      </Position1>
      <Position2>
        <Filename Value="frmMain.pas"/>
        <Caret Line="194" Column="49" TopLine="186"/>
      </Position2>
      <Position3>
        <Filename Value="frmMain.pas"/>
        <Caret Line="208" Column="49" TopLine="200"/>
      </Position3>
      <Position4>
        <Filename Value="frmMain.pas"/>
        <Caret Line="215" Column="49" TopLine="207"/>
      </Position4>
      <Position5>
        <Filename Value="frmMain.pas"/>
        <Caret Line="214" Column="49" TopLine="206"/>
      </Position5>
      <Position6>
        <Filename Value="frmMain.pas"/>
        <Caret Line="213" Column="49" TopLine="205"/>
      </Position6>
      <Position7>
        <Filename Value="frmMain.pas"/>
        <Caret Line="212" Column="49" TopLine="204"/>
      </Position7>
      <Position8>
        <Filename Value="frmMain.pas"/>
        <Caret Line="211" Column="49" TopLine="203"/>
      </Position8>
      <Position9>
        <Filename Value="frmMain.pas"/>
        <Caret Line="210" Column="49" TopLine="202"/>
      </Position9>
      <Position10>
        <Filename Value="frmMain.pas"/>
        <Caret Line="209" Column="49" TopLine="201"/>
      </Position10>
      <Position11>
        <Filename Value="frmMain.pas"/>
        <Caret Line="208" Column="49" TopLine="200"/>
      </Position11>
      <Position12>
        <Filename Value="frmMain.pas"/>
        <Caret Line="207" Column="49" TopLine="199"/>
      </Position12>
      <Position13>
        <Filename Value="frmMain.pas"/>
        <Caret Line="206" Column="49" TopLine="198"/>
      </Position13>
      <Position14>
        <Filename Value="frmMain.pas"/>
        <Caret Line="205" Column="49" TopLine="197"/>
      </Position14>
      <Position15>
        <Filename Value="frmMain.pas"/>
        <Caret Line="204" Column="49" TopLine="196"/>
      </Position15>
      <Position16>
        <Filename Value="frmMain.pas"/>
        <Caret Line="203" Column="49" TopLine="195"/>
      </Position16>
      <Position17>
        <Filename Value="frmMain.pas"/>
        <Caret Line="202" Column="49" TopLine="194"/>
      </Position17>
      <Position18>
        <Filename Value="frmMain.pas"/>
        <Caret Line="201" Column="49" TopLine="193"/>
      </Position18>
      <Position19>
        <Filename Value="frmMain.pas"/>
        <Caret Line="200" Column="49" TopLine="192"/>
      </Position19>
      <Position20>
        <Filename Value="frmMain.pas"/>
        <Caret Line="199" Column="49" TopLine="191"/>
      </Position20>
      <Position21>
        <Filename Value="frmMain.pas"/>
        <Caret Line="198" Column="49" TopLine="190"/>
      </Position21>
      <Position22>
        <Filename Value="frmMain.pas"/>
        <Caret Line="197" Column="49" TopLine="189"/>
      </Position22>
      <Position23>
        <Filename Value="frmMain.pas"/>
        <Caret Line="196" Column="49" TopLine="188"/>
      </Position23>
      <Position24>
        <Filename Value="frmMain.pas"/>
        <Caret Line="195" Column="49" TopLine="187"/>
      </Position24>
      <Position25>
        <Filename Value="frmMain.pas"/>
        <Caret Line="194" Column="49" TopLine="186"/>
      </Position25>
      <Position26>
        <Filename Value="frmMain.pas"/>
        <Caret Line="193" Column="49" TopLine="185"/>
      </Position26>
      <Position27>
        <Filename Value="frmMain.pas"/>
        <Caret Line="192" Column="49" TopLine="184"/>
      </Position27>
      <Position28>
        <Filename Value="frmMain.pas"/>
        <Caret Line="191" Column="49" TopLine="183"/>
      </Position28>
      <Position29>
        <Filename Value="frmMain.pas"/>
        <Caret Line="59" Column="17" TopLine="50"/>
      </Position29>
      <Position30>
        <Filename Value="frmMain.pas"/>
        <Caret Line="58" Column="17" TopLine="49"/>
      </Position30>
    </JumpHistory>
  </ProjectOptions>
  <CompilerOptions>
    <Version Value="10"/>
    <PathDelim Value="\"/>
    <Target>
      <Filename Value="FIIRHPBessel"/>
    </Target>
    <SearchPaths>
      <IncludeFiles Value="$(ProjOutDir)"/>
      <Libraries Value="..\.."/>
      <OtherUnitFiles Value="..\.."/>
      <UnitOutputDirectory Value="lib\$(TargetCPU)-$(TargetOS)"/>
    </SearchPaths>
    <CodeGeneration>
      <Checks>
        <OverflowChecks Value="True"/>
      </Checks>
      <TargetProcessor Value="pentiumm"/>
      <TargetOS Value="win32"/>
      <Optimizations>
        <VariablesInRegisters Value="True"/>
        <OptimizationLevel Value="0"/>
      </Optimizations>
    </CodeGeneration>
    <Linking>
      <Debugging>
        <GenerateDebugInfo Value="True"/>
        <DebugInfoType Value="dsAuto"/>
      </Debugging>
      <Options>
        <Win32>
          <GraphicApplication Value="True"/>
        </Win32>
      </Options>
    </Linking>
    <Other>
      <CompilerMessages>
        <UseMsgFile Value="True"/>
      </CompilerMessages>
      <CompilerPath Value="$(CompPath)"/>
    </Other>
  </CompilerOptions>
  <Debugging>
    <Watches Count="1">
      <Item1>
        <Expression Value="tmp"/>
      </Item1>
    </Watches>
    <Exceptions Count="3" IgnoreAll="True">
      <Item1>
        <Name Value="EAbort"/>
        <Enabled Value="False"/>
      </Item1>
      <Item2>
        <Name Value="ECodetoolError"/>
        <Enabled Value="False"/>
      </Item2>
      <Item3>
        <Name Value="EFOpenError"/>
        <Enabled Value="False"/>
      </Item3>
    </Exceptions>
  </Debugging>
</CONFIG>
