<?xml version="1.0"?>
<CONFIG>
  <ProjectOptions>
    <Version Value="9"/>
    <PathDelim Value="\"/>
    <General>
      <MainUnit Value="0"/>
      <Title Value="FrequencyFilterResponse"/>
      <ResourceType Value="res"/>
      <UseXPManifest Value="True"/>
      <Icon Value="0"/>
      <ActiveWindowIndexAtStart Value="0"/>
    </General>
    <VersionInfo>
      <Language Value=""/>
      <CharSet Value=""/>
      <StringTable ProductVersion=""/>
    </VersionInfo>
    <BuildModes Count="1">
      <Item1 Name="default" Default="True"/>
    </BuildModes>
    <PublishOptions>
      <Version Value="2"/>
      <IgnoreBinaries Value="False"/>
      <IncludeFileFilter Value="*.(pas|pp|inc|lfm|lpr|lrs|lpi|lpk|sh|xml)"/>
      <ExcludeFileFilter Value="*.(bak|ppu|ppw|o|so);*~;backup"/>
    </PublishOptions>
    <RunParams>
      <local>
        <FormatVersion Value="1"/>
        <LaunchingApplication PathPlusParams="/usr/X11R6/bin/xterm -T 'Lazarus Run Output' -e $(LazarusDir)/tools/runwait.sh $(TargetCmdLine)"/>
      </local>
    </RunParams>
    <RequiredPackages Count="5">
      <Item1>
        <PackageName Value="LazFiltersPkg"/>
        <MinVersion Minor="1" Valid="True"/>
      </Item1>
      <Item2>
        <PackageName Value="FCL"/>
        <MinVersion Major="1" Valid="True"/>
      </Item2>
      <Item3>
        <PackageName Value="MemDSLaz"/>
        <MinVersion Major="1" Minor="2" Release="1" Valid="True"/>
      </Item3>
      <Item4>
        <PackageName Value="TAChartLazarusPkg"/>
        <MinVersion Major="1" Valid="True"/>
      </Item4>
      <Item5>
        <PackageName Value="LCL"/>
      </Item5>
    </RequiredPackages>
    <Units Count="23">
      <Unit0>
        <Filename Value="FreqFilterResponse.lpr"/>
        <IsPartOfProject Value="True"/>
        <UnitName Value="FreqFilterResponse"/>
        <WindowIndex Value="0"/>
        <TopLine Value="1"/>
        <CursorPos X="94" Y="2"/>
        <UsageCount Value="51"/>
      </Unit0>
      <Unit1>
        <Filename Value="frmMain.pas"/>
        <IsPartOfProject Value="True"/>
        <ComponentName Value="Form1"/>
        <ResourceBaseClass Value="Form"/>
        <UnitName Value="frmMain"/>
        <IsVisibleTab Value="True"/>
        <EditorIndex Value="0"/>
        <WindowIndex Value="0"/>
        <TopLine Value="110"/>
        <CursorPos X="29" Y="115"/>
        <UsageCount Value="51"/>
        <Loaded Value="True"/>
        <LoadedDesigner Value="True"/>
      </Unit1>
      <Unit2>
        <Filename Value="..\..\Source\dspIIRFilters.pas"/>
        <UnitName Value="dspIIRFilters"/>
        <WindowIndex Value="0"/>
        <TopLine Value="120"/>
        <CursorPos X="6" Y="152"/>
        <UsageCount Value="21"/>
      </Unit2>
      <Unit3>
        <Filename Value="..\..\Source\dspComplex.pas"/>
        <UnitName Value="dspcomplex"/>
        <WindowIndex Value="0"/>
        <TopLine Value="160"/>
        <CursorPos X="23" Y="154"/>
        <UsageCount Value="21"/>
      </Unit3>
      <Unit4>
        <Filename Value="..\..\Source\dspTypes.pas"/>
        <UnitName Value="dspTypes"/>
        <WindowIndex Value="0"/>
        <TopLine Value="1"/>
        <CursorPos X="18" Y="6"/>
        <UsageCount Value="21"/>
      </Unit4>
      <Unit5>
        <Filename Value="..\..\..\..\lcl\include\control.inc"/>
        <WindowIndex Value="0"/>
        <TopLine Value="3150"/>
        <CursorPos X="1" Y="3167"/>
        <UsageCount Value="17"/>
      </Unit5>
      <Unit6>
        <Filename Value="..\..\..\..\lcl\lresources.pp"/>
        <UnitName Value="LResources"/>
        <WindowIndex Value="0"/>
        <TopLine Value="3055"/>
        <CursorPos X="1" Y="3039"/>
        <UsageCount Value="17"/>
      </Unit6>
      <Unit7>
        <Filename Value="..\..\..\..\fpc\2.4.1\source\rtl\inc\mathh.inc"/>
        <TopLine Value="4"/>
        <CursorPos X="60" Y="90"/>
        <UsageCount Value="12"/>
      </Unit7>
      <Unit8>
        <Filename Value="..\..\..\..\fpc\2.4.1\source\rtl\objpas\math.pp"/>
        <UnitName Value="math"/>
        <TopLine Value="248"/>
        <CursorPos X="13" Y="265"/>
        <UsageCount Value="12"/>
      </Unit8>
      <Unit9>
        <Filename Value="..\..\..\..\fpc\2.4.1\source\rtl\i386\mathu.inc"/>
        <TopLine Value="10"/>
        <CursorPos X="32" Y="23"/>
        <UsageCount Value="12"/>
      </Unit9>
      <Unit10>
        <Filename Value="..\..\filteriirpbchebyshev.pas"/>
        <UnitName Value="FilterIIRPBChebyshev"/>
        <WindowIndex Value="0"/>
        <TopLine Value="128"/>
        <CursorPos X="46" Y="140"/>
        <UsageCount Value="11"/>
      </Unit10>
      <Unit11>
        <Filename Value="..\..\filteriirpb.pas"/>
        <UnitName Value="FilterIIRPB"/>
        <WindowIndex Value="0"/>
        <TopLine Value="48"/>
        <CursorPos X="1" Y="62"/>
        <UsageCount Value="10"/>
      </Unit11>
      <Unit12>
        <Filename Value="..\..\uoperator.pas"/>
        <UnitName Value="UOperator"/>
        <WindowIndex Value="0"/>
        <TopLine Value="9"/>
        <CursorPos X="13" Y="22"/>
        <UsageCount Value="10"/>
      </Unit12>
      <Unit13>
        <Filename Value="..\..\filteriir.pas"/>
        <UnitName Value="FilterIIR"/>
        <WindowIndex Value="0"/>
        <TopLine Value="63"/>
        <CursorPos X="46" Y="69"/>
        <UsageCount Value="11"/>
      </Unit13>
      <Unit14>
        <Filename Value="..\..\Filter.pas"/>
        <UnitName Value="Filter"/>
        <WindowIndex Value="0"/>
        <TopLine Value="55"/>
        <CursorPos X="51" Y="65"/>
        <UsageCount Value="12"/>
      </Unit14>
      <Unit15>
        <Filename Value="..\..\UConst.pas"/>
        <UnitName Value="UConst"/>
        <WindowIndex Value="0"/>
        <TopLine Value="2"/>
        <CursorPos X="48" Y="8"/>
        <UsageCount Value="12"/>
      </Unit15>
      <Unit16>
        <Filename Value="..\..\FilterIIRSBandChebyshev.pas"/>
        <UnitName Value="FilterIIRSBandChebyshev"/>
        <WindowIndex Value="0"/>
        <TopLine Value="131"/>
        <CursorPos X="65" Y="144"/>
        <UsageCount Value="13"/>
      </Unit16>
      <Unit17>
        <Filename Value="..\..\lazfilterspkg.pas"/>
        <UnitName Value="LazFiltersPkg"/>
        <WindowIndex Value="0"/>
        <TopLine Value="1"/>
        <CursorPos X="75" Y="17"/>
        <UsageCount Value="12"/>
      </Unit17>
      <Unit18>
        <Filename Value="..\..\..\..\fpc\2.4.3\source\rtl\inc\objpash.inc"/>
        <WindowIndex Value="0"/>
        <TopLine Value="65"/>
        <CursorPos X="8" Y="79"/>
        <UsageCount Value="10"/>
      </Unit18>
      <Unit19>
        <Filename Value="..\..\FilterIRRAuxSetupBandStop.inc"/>
        <WindowIndex Value="0"/>
        <TopLine Value="28"/>
        <CursorPos X="1" Y="45"/>
        <UsageCount Value="10"/>
      </Unit19>
      <Unit20>
        <Filename Value="..\..\filteriirbsbessel.pas"/>
        <UnitName Value="FilterIIRBSBessel"/>
        <WindowIndex Value="0"/>
        <TopLine Value="1"/>
        <CursorPos X="1" Y="1"/>
        <UsageCount Value="10"/>
      </Unit20>
      <Unit21>
        <Filename Value="..\..\FilterIIRBSChebyshev.pas"/>
        <UnitName Value="FilterIIRBSChebyshev"/>
        <TopLine Value="110"/>
        <CursorPos X="64" Y="115"/>
        <UsageCount Value="10"/>
      </Unit21>
      <Unit22>
        <Filename Value="..\..\filteriirbpchebyshev.pas"/>
        <UnitName Value="FilterIIRBPChebyshev"/>
        <WindowIndex Value="0"/>
        <TopLine Value="109"/>
        <CursorPos X="3" Y="123"/>
        <UsageCount Value="10"/>
      </Unit22>
    </Units>
    <JumpHistory Count="2" HistoryIndex="1">
      <Position1>
        <Filename Value="frmMain.pas"/>
        <Caret Line="116" Column="29" TopLine="111"/>
      </Position1>
      <Position2>
        <Filename Value="frmMain.pas"/>
        <Caret Line="115" Column="29" TopLine="110"/>
      </Position2>
    </JumpHistory>
  </ProjectOptions>
  <CompilerOptions>
    <Version Value="9"/>
    <PathDelim Value="\"/>
    <Target>
      <Filename Value="FreqFilterResponse"/>
    </Target>
    <SearchPaths>
      <IncludeFiles Value="$(ProjOutDir)"/>
      <Libraries Value="..\.."/>
      <OtherUnitFiles Value="..\.."/>
      <UnitOutputDirectory Value="lib\$(TargetCPU)-$(TargetOS)"/>
    </SearchPaths>
    <CodeGeneration>
      <TargetProcessor Value="386"/>
    </CodeGeneration>
    <Linking>
      <Options>
        <Win32>
          <GraphicApplication Value="True"/>
        </Win32>
      </Options>
    </Linking>
    <Other>
      <CompilerMessages>
        <UseMsgFile Value="True"/>
      </CompilerMessages>
      <CompilerPath Value="$(CompPath)"/>
    </Other>
  </CompilerOptions>
  <Debugging>
    <Exceptions Count="3">
      <Item1>
        <Name Value="EAbort"/>
      </Item1>
      <Item2>
        <Name Value="ECodetoolError"/>
      </Item2>
      <Item3>
        <Name Value="EFOpenError"/>
      </Item3>
    </Exceptions>
  </Debugging>
</CONFIG>
