<?xml version="1.0"?>
<CONFIG>
  <ProjectOptions>
    <Version Value="9"/>
    <PathDelim Value="\"/>
    <General>
      <MainUnit Value="0"/>
      <Title Value="DCT"/>
      <ResourceType Value="res"/>
      <UseXPManifest Value="True"/>
      <Icon Value="0"/>
      <ActiveWindowIndexAtStart Value="0"/>
    </General>
    <i18n>
      <EnableI18N LFM="False"/>
    </i18n>
    <VersionInfo>
      <Language Value=""/>
      <CharSet Value=""/>
      <StringTable ProductVersion=""/>
    </VersionInfo>
    <BuildModes Count="1">
      <Item1 Name="default" Default="True"/>
    </BuildModes>
    <PublishOptions>
      <Version Value="2"/>
      <IgnoreBinaries Value="False"/>
      <IncludeFileFilter Value="*.(pas|pp|inc|lfm|lpr|lrs|lpi|lpk|sh|xml)"/>
      <ExcludeFileFilter Value="*.(bak|ppu|ppw|o|so);*~;backup"/>
    </PublishOptions>
    <RunParams>
      <local>
        <FormatVersion Value="1"/>
      </local>
    </RunParams>
    <RequiredPackages Count="4">
      <Item1>
        <PackageName Value="LazWinWtg"/>
      </Item1>
      <Item2>
        <PackageName Value="lazsignalproc"/>
        <MinVersion Minor="1" Valid="True"/>
      </Item2>
      <Item3>
        <PackageName Value="TAChartLazarusPkg"/>
        <MinVersion Major="1" Valid="True"/>
      </Item3>
      <Item4>
        <PackageName Value="LCL"/>
      </Item4>
    </RequiredPackages>
    <Units Count="39">
      <Unit0>
        <Filename Value="DCT.lpr"/>
        <IsPartOfProject Value="True"/>
        <UnitName Value="DCT"/>
        <WindowIndex Value="0"/>
        <TopLine Value="1"/>
        <CursorPos X="1" Y="19"/>
        <UsageCount Value="154"/>
      </Unit0>
      <Unit1>
        <Filename Value="unit_maindct.pas"/>
        <IsPartOfProject Value="True"/>
        <ComponentName Value="Form1"/>
        <HasResources Value="True"/>
        <ResourceBaseClass Value="Form"/>
        <UnitName Value="unit_mainDCT"/>
        <IsVisibleTab Value="True"/>
        <EditorIndex Value="1"/>
        <WindowIndex Value="0"/>
        <TopLine Value="221"/>
        <CursorPos X="4" Y="226"/>
        <UsageCount Value="154"/>
        <Loaded Value="True"/>
        <LoadedDesigner Value="True"/>
      </Unit1>
      <Unit2>
        <Filename Value="..\..\..\..\components\tachart\taseries.pas"/>
        <UnitName Value="TASeries"/>
        <WindowIndex Value="0"/>
        <TopLine Value="347"/>
        <CursorPos X="1" Y="364"/>
        <UsageCount Value="10"/>
      </Unit2>
      <Unit3>
        <Filename Value="..\..\..\..\components\tachart\tachartutils.pas"/>
        <UnitName Value="TAChartUtils"/>
        <WindowIndex Value="0"/>
        <TopLine Value="268"/>
        <CursorPos X="1" Y="279"/>
        <UsageCount Value="8"/>
      </Unit3>
      <Unit4>
        <Filename Value="..\..\fourier.pas"/>
        <UnitName Value="Fourier"/>
        <WindowIndex Value="0"/>
        <TopLine Value="126"/>
        <CursorPos X="48" Y="135"/>
        <UsageCount Value="65"/>
      </Unit4>
      <Unit5>
        <Filename Value="..\..\utbasefreqanalisys.pas"/>
        <UnitName Value="UTBaseFreqAnalisys"/>
        <WindowIndex Value="0"/>
        <TopLine Value="102"/>
        <CursorPos X="15" Y="115"/>
        <UsageCount Value="50"/>
      </Unit5>
      <Unit6>
        <Filename Value="..\..\..\WinWtg\filtertest.pas"/>
        <UnitName Value="FilterTest"/>
        <WindowIndex Value="0"/>
        <TopLine Value="21"/>
        <CursorPos X="6" Y="28"/>
        <UsageCount Value="35"/>
      </Unit6>
      <Unit7>
        <Filename Value="..\..\..\WinWtg\ASWinBase.pas"/>
        <UnitName Value="ASWinBase"/>
        <WindowIndex Value="0"/>
        <TopLine Value="1"/>
        <CursorPos X="4" Y="20"/>
        <UsageCount Value="38"/>
      </Unit7>
      <Unit8>
        <Filename Value="..\..\msg.pas"/>
        <UnitName Value="Msg"/>
        <WindowIndex Value="0"/>
        <TopLine Value="5"/>
        <CursorPos X="34" Y="28"/>
        <UsageCount Value="4"/>
      </Unit8>
      <Unit9>
        <Filename Value="..\..\..\WinWtg\aswingauss.pas"/>
        <UnitName Value="ASWinGauss"/>
        <WindowIndex Value="0"/>
        <TopLine Value="85"/>
        <CursorPos X="22" Y="108"/>
        <UsageCount Value="34"/>
      </Unit9>
      <Unit10>
        <Filename Value="..\..\..\..\fpc\2.6.1\source\rtl\objpas\sysutils\sysutilh.inc"/>
        <WindowIndex Value="0"/>
        <TopLine Value="84"/>
        <CursorPos X="4" Y="104"/>
        <UsageCount Value="3"/>
      </Unit10>
      <Unit11>
        <Filename Value="..\..\..\..\lcl\include\control.inc"/>
        <WindowIndex Value="0"/>
        <TopLine Value="2106"/>
        <CursorPos X="1" Y="2115"/>
        <UsageCount Value="13"/>
      </Unit11>
      <Unit12>
        <Filename Value="..\..\..\..\fpc\2.6.1\source\rtl\objpas\objpas.pp"/>
        <UnitName Value="objpas"/>
        <WindowIndex Value="0"/>
        <TopLine Value="53"/>
        <CursorPos X="8" Y="28"/>
        <UsageCount Value="3"/>
      </Unit12>
      <Unit13>
        <Filename Value="..\..\..\..\ComponentesModifPorJC\SignalProc\fourier.pas"/>
        <UnitName Value="Fourier"/>
        <WindowIndex Value="0"/>
        <TopLine Value="1"/>
        <CursorPos X="1" Y="1"/>
        <UsageCount Value="3"/>
      </Unit13>
      <Unit14>
        <Filename Value="..\..\..\..\lcl\include\customcombobox.inc"/>
        <WindowIndex Value="0"/>
        <TopLine Value="174"/>
        <CursorPos X="1" Y="193"/>
        <UsageCount Value="3"/>
      </Unit14>
      <Unit15>
        <Filename Value="..\..\..\..\lcl\include\wincontrol.inc"/>
        <WindowIndex Value="0"/>
        <TopLine Value="5281"/>
        <CursorPos X="1" Y="5290"/>
        <UsageCount Value="14"/>
      </Unit15>
      <Unit16>
        <Filename Value="..\..\..\..\lcl\interfaces\win32\win32wsstdctrls.pp"/>
        <UnitName Value="Win32WSStdCtrls"/>
        <WindowIndex Value="0"/>
        <TopLine Value="923"/>
        <CursorPos X="1" Y="933"/>
        <UsageCount Value="3"/>
      </Unit16>
      <Unit17>
        <Filename Value="..\..\..\..\lcl\stdctrls.pp"/>
        <UnitName Value="StdCtrls"/>
        <WindowIndex Value="0"/>
        <TopLine Value="130"/>
        <CursorPos X="3" Y="122"/>
        <UsageCount Value="3"/>
      </Unit17>
      <Unit18>
        <Filename Value="..\..\..\..\ComponentesModifPorJC\FreqAnalisys\fourier.pas"/>
        <UnitName Value="Fourier"/>
        <WindowIndex Value="0"/>
        <TopLine Value="175"/>
        <CursorPos X="1" Y="195"/>
        <UsageCount Value="9"/>
      </Unit18>
      <Unit19>
        <Filename Value="..\..\udct.pas"/>
        <UnitName Value="udct"/>
        <EditorIndex Value="0"/>
        <WindowIndex Value="0"/>
        <TopLine Value="203"/>
        <CursorPos X="19" Y="119"/>
        <UsageCount Value="24"/>
        <Loaded Value="True"/>
      </Unit19>
      <Unit20>
        <Filename Value="..\..\..\..\fpc\2.6.1\source\rtl\inc\mathh.inc"/>
        <WindowIndex Value="0"/>
        <TopLine Value="65"/>
        <CursorPos X="37" Y="72"/>
        <UsageCount Value="15"/>
      </Unit20>
      <Unit21>
        <Filename Value="..\..\cepstrum.pas"/>
        <UnitName Value="Cepstrum"/>
        <WindowIndex Value="0"/>
        <TopLine Value="25"/>
        <CursorPos X="20" Y="36"/>
        <UsageCount Value="8"/>
      </Unit21>
      <Unit22>
        <Filename Value="..\..\udctf.pas"/>
        <UnitName Value="UDCTF"/>
        <TopLine Value="71"/>
        <CursorPos X="21" Y="68"/>
        <UsageCount Value="21"/>
      </Unit22>
      <Unit23>
        <Filename Value="..\..\..\..\fpc\2.6.1\source\rtl\win32\classes.pp"/>
        <UnitName Value="Classes"/>
        <WindowIndex Value="0"/>
        <TopLine Value="43"/>
        <CursorPos X="1" Y="1"/>
        <UsageCount Value="9"/>
      </Unit23>
      <Unit24>
        <Filename Value="..\..\..\..\components\tachart\tacustomseries.pas"/>
        <UnitName Value="TACustomSeries"/>
        <WindowIndex Value="0"/>
        <TopLine Value="629"/>
        <CursorPos X="1" Y="636"/>
        <UsageCount Value="20"/>
      </Unit24>
      <Unit25>
        <Filename Value="..\..\wavelet.pas"/>
        <UnitName Value="Wavelet"/>
        <WindowIndex Value="0"/>
        <TopLine Value="24"/>
        <CursorPos X="83" Y="34"/>
        <UsageCount Value="9"/>
      </Unit25>
      <Unit26>
        <Filename Value="..\..\..\..\fpc\2.6.1\source\rtl\objpas\classes\classesh.inc"/>
        <WindowIndex Value="0"/>
        <TopLine Value="1632"/>
        <CursorPos X="2" Y="1635"/>
        <UsageCount Value="19"/>
      </Unit26>
      <Unit27>
        <Filename Value="..\..\..\..\lcl\include\radiogroup.inc"/>
        <WindowIndex Value="0"/>
        <TopLine Value="416"/>
        <CursorPos X="1" Y="427"/>
        <UsageCount Value="12"/>
      </Unit27>
      <Unit28>
        <Filename Value="..\..\..\WinWtg\ASWinRectangular.pas"/>
        <UnitName Value="ASWinRectangular"/>
        <WindowIndex Value="0"/>
        <TopLine Value="99"/>
        <CursorPos X="29" Y="105"/>
        <UsageCount Value="12"/>
      </Unit28>
      <Unit29>
        <Filename Value="..\..\..\..\components\tachart\talegend.pas"/>
        <UnitName Value="TALegend"/>
        <WindowIndex Value="0"/>
        <TopLine Value="738"/>
        <CursorPos X="1" Y="754"/>
        <UsageCount Value="14"/>
      </Unit29>
      <Unit30>
        <Filename Value="..\..\..\..\components\tachart\tatypes.pas"/>
        <UnitName Value="TATypes"/>
        <WindowIndex Value="0"/>
        <TopLine Value="436"/>
        <CursorPos X="1" Y="449"/>
        <UsageCount Value="14"/>
      </Unit30>
      <Unit31>
        <Filename Value="..\..\..\..\components\tachart\tasources.pas"/>
        <UnitName Value="TASources"/>
        <WindowIndex Value="0"/>
        <TopLine Value="20"/>
        <CursorPos X="3" Y="30"/>
        <UsageCount Value="14"/>
      </Unit31>
      <Unit32>
        <Filename Value="..\..\..\..\components\tachart\tagraph.pas"/>
        <UnitName Value="TAGraph"/>
        <WindowIndex Value="0"/>
        <TopLine Value="297"/>
        <CursorPos X="21" Y="289"/>
        <UsageCount Value="14"/>
      </Unit32>
      <Unit33>
        <Filename Value="..\..\..\..\lcl\include\buttoncontrol.inc"/>
        <WindowIndex Value="0"/>
        <TopLine Value="18"/>
        <CursorPos X="1" Y="22"/>
        <UsageCount Value="10"/>
      </Unit33>
      <Unit34>
        <Filename Value="..\..\..\..\lcl\include\buttons.inc"/>
        <WindowIndex Value="0"/>
        <TopLine Value="336"/>
        <CursorPos X="1" Y="350"/>
        <UsageCount Value="10"/>
      </Unit34>
      <Unit35>
        <Filename Value="..\..\..\..\lcl\lclmessageglue.pas"/>
        <UnitName Value="LCLMessageGlue"/>
        <WindowIndex Value="0"/>
        <TopLine Value="115"/>
        <CursorPos X="1" Y="128"/>
        <UsageCount Value="10"/>
      </Unit35>
      <Unit36>
        <Filename Value="..\..\..\..\lcl\interfaces\win32\win32callback.inc"/>
        <WindowIndex Value="0"/>
        <TopLine Value="2583"/>
        <CursorPos X="1" Y="2599"/>
        <UsageCount Value="10"/>
      </Unit36>
      <Unit37>
        <Filename Value="..\..\..\..\lcl\interfaces\win32\win32wsforms.pp"/>
        <UnitName Value="Win32WSForms"/>
        <WindowIndex Value="0"/>
        <TopLine Value="313"/>
        <CursorPos X="40" Y="322"/>
        <UsageCount Value="10"/>
      </Unit37>
      <Unit38>
        <Filename Value="..\..\lazsignalproc.pas"/>
        <UnitName Value="lazsignalproc"/>
        <WindowIndex Value="0"/>
        <TopLine Value="1"/>
        <CursorPos X="51" Y="16"/>
        <UsageCount Value="10"/>
      </Unit38>
    </Units>
    <JumpHistory Count="9" HistoryIndex="8">
      <Position1>
        <Filename Value="unit_maindct.pas"/>
        <Caret Line="74" Column="37" TopLine="61"/>
      </Position1>
      <Position2>
        <Filename Value="unit_maindct.pas"/>
        <Caret Line="73" Column="3" TopLine="53"/>
      </Position2>
      <Position3>
        <Filename Value="unit_maindct.pas"/>
        <Caret Line="257" Column="48" TopLine="244"/>
      </Position3>
      <Position4>
        <Filename Value="unit_maindct.pas"/>
        <Caret Line="73" Column="7" TopLine="58"/>
      </Position4>
      <Position5>
        <Filename Value="unit_maindct.pas"/>
        <Caret Line="259" Column="53" TopLine="244"/>
      </Position5>
      <Position6>
        <Filename Value="unit_maindct.pas"/>
        <Caret Line="73" Column="8" TopLine="61"/>
      </Position6>
      <Position7>
        <Filename Value="..\..\udct.pas"/>
        <Caret Line="121" Column="13" TopLine="93"/>
      </Position7>
      <Position8>
        <Filename Value="..\..\udct.pas"/>
        <Caret Line="90" Column="6" TopLine="87"/>
      </Position8>
      <Position9>
        <Filename Value="unit_maindct.pas"/>
        <Caret Line="105" Column="13" TopLine="105"/>
      </Position9>
    </JumpHistory>
  </ProjectOptions>
  <CompilerOptions>
    <Version Value="11"/>
    <PathDelim Value="\"/>
    <Target>
      <Filename Value="DCT"/>
    </Target>
    <SearchPaths>
      <IncludeFiles Value="$(ProjOutDir)"/>
      <UnitOutputDirectory Value="lib\$(TargetCPU)-$(TargetOS)"/>
    </SearchPaths>
    <Linking>
      <Options>
        <Win32>
          <GraphicApplication Value="True"/>
        </Win32>
      </Options>
    </Linking>
    <Other>
      <CompilerMessages>
        <UseMsgFile Value="True"/>
      </CompilerMessages>
      <CompilerPath Value="$(CompPath)"/>
    </Other>
  </CompilerOptions>
  <Debugging>
    <Exceptions Count="3">
      <Item1>
        <Name Value="EAbort"/>
      </Item1>
      <Item2>
        <Name Value="ECodetoolError"/>
      </Item2>
      <Item3>
        <Name Value="EFOpenError"/>
      </Item3>
    </Exceptions>
  </Debugging>
</CONFIG>
