<?xml version="1.0"?>
<CONFIG>
  <ProjectOptions>
    <Version Value="9"/>
    <PathDelim Value="\"/>
    <General>
      <MainUnit Value="0"/>
      <Title Value="FIIRBSButterworth"/>
      <ResourceType Value="res"/>
      <UseXPManifest Value="True"/>
      <Icon Value="0"/>
      <ActiveWindowIndexAtStart Value="0"/>
    </General>
    <VersionInfo>
      <Language Value=""/>
      <CharSet Value=""/>
      <StringTable ProductVersion=""/>
    </VersionInfo>
    <BuildModes Count="1">
      <Item1 Name="default" Default="True"/>
    </BuildModes>
    <PublishOptions>
      <Version Value="2"/>
      <IgnoreBinaries Value="False"/>
      <IncludeFileFilter Value="*.(pas|pp|inc|lfm|lpr|lrs|lpi|lpk|sh|xml)"/>
      <ExcludeFileFilter Value="*.(bak|ppu|ppw|o|so);*~;backup"/>
    </PublishOptions>
    <RunParams>
      <local>
        <FormatVersion Value="1"/>
        <LaunchingApplication PathPlusParams="/usr/X11R6/bin/xterm -T 'Lazarus Run Output' -e $(LazarusDir)/tools/runwait.sh $(TargetCmdLine)"/>
      </local>
    </RunParams>
    <RequiredPackages Count="5">
      <Item1>
        <PackageName Value="LazFiltersPkg"/>
        <MinVersion Minor="1" Valid="True"/>
      </Item1>
      <Item2>
        <PackageName Value="FCL"/>
        <MinVersion Major="1" Valid="True"/>
      </Item2>
      <Item3>
        <PackageName Value="MemDSLaz"/>
        <MinVersion Major="1" Minor="2" Valid="True" Release="1"/>
      </Item3>
      <Item4>
        <PackageName Value="TAChartLazarusPkg"/>
        <MinVersion Major="1" Valid="True"/>
      </Item4>
      <Item5>
        <PackageName Value="LCL"/>
      </Item5>
    </RequiredPackages>
    <Units Count="38">
      <Unit0>
        <Filename Value="FIIRBSButterworth.lpr"/>
        <IsPartOfProject Value="True"/>
        <UnitName Value="FIIRBSButterworth"/>
        <WindowIndex Value="0"/>
        <TopLine Value="1"/>
        <CursorPos X="27" Y="12"/>
        <UsageCount Value="84"/>
      </Unit0>
      <Unit1>
        <Filename Value="frmMain.pas"/>
        <IsPartOfProject Value="True"/>
        <ComponentName Value="Form1"/>
        <ResourceBaseClass Value="Form"/>
        <UnitName Value="frmMain"/>
        <IsVisibleTab Value="True"/>
        <EditorIndex Value="0"/>
        <WindowIndex Value="0"/>
        <TopLine Value="49"/>
        <CursorPos X="42" Y="61"/>
        <UsageCount Value="84"/>
        <Loaded Value="True"/>
        <LoadedDesigner Value="True"/>
      </Unit1>
      <Unit2>
        <Filename Value="..\..\Source\dspIIRFilters.pas"/>
        <UnitName Value="dspIIRFilters"/>
        <WindowIndex Value="0"/>
        <TopLine Value="120"/>
        <CursorPos X="6" Y="152"/>
        <UsageCount Value="18"/>
      </Unit2>
      <Unit3>
        <Filename Value="..\..\Source\dspComplex.pas"/>
        <UnitName Value="dspcomplex"/>
        <WindowIndex Value="0"/>
        <TopLine Value="160"/>
        <CursorPos X="23" Y="154"/>
        <UsageCount Value="18"/>
      </Unit3>
      <Unit4>
        <Filename Value="..\..\Source\dspTypes.pas"/>
        <UnitName Value="dspTypes"/>
        <WindowIndex Value="0"/>
        <TopLine Value="1"/>
        <CursorPos X="18" Y="6"/>
        <UsageCount Value="18"/>
      </Unit4>
      <Unit5>
        <Filename Value="..\..\..\..\lcl\include\control.inc"/>
        <WindowIndex Value="0"/>
        <TopLine Value="3179"/>
        <CursorPos X="1" Y="3189"/>
        <UsageCount Value="21"/>
      </Unit5>
      <Unit6>
        <Filename Value="..\..\..\..\lcl\lresources.pp"/>
        <UnitName Value="LResources"/>
        <WindowIndex Value="0"/>
        <TopLine Value="757"/>
        <CursorPos X="1" Y="767"/>
        <UsageCount Value="21"/>
      </Unit6>
      <Unit7>
        <Filename Value="..\..\..\..\fpc\2.4.1\source\rtl\inc\mathh.inc"/>
        <TopLine Value="4"/>
        <CursorPos X="60" Y="90"/>
        <UsageCount Value="9"/>
      </Unit7>
      <Unit8>
        <Filename Value="..\..\..\..\fpc\2.4.1\source\rtl\objpas\math.pp"/>
        <UnitName Value="math"/>
        <TopLine Value="248"/>
        <CursorPos X="13" Y="265"/>
        <UsageCount Value="9"/>
      </Unit8>
      <Unit9>
        <Filename Value="..\..\..\..\fpc\2.4.1\source\rtl\i386\mathu.inc"/>
        <TopLine Value="10"/>
        <CursorPos X="32" Y="23"/>
        <UsageCount Value="9"/>
      </Unit9>
      <Unit10>
        <Filename Value="..\..\filteriirpbbutterworth.pas"/>
        <UnitName Value="FilterIIRPBButterworth"/>
        <WindowIndex Value="0"/>
        <TopLine Value="119"/>
        <CursorPos X="27" Y="133"/>
        <UsageCount Value="24"/>
      </Unit10>
      <Unit11>
        <Filename Value="..\..\filteriirpb.pas"/>
        <UnitName Value="FilterIIRPB"/>
        <WindowIndex Value="0"/>
        <TopLine Value="33"/>
        <CursorPos X="30" Y="113"/>
        <UsageCount Value="23"/>
      </Unit11>
      <Unit12>
        <Filename Value="..\..\filter.pas"/>
        <UnitName Value="Filter"/>
        <WindowIndex Value="0"/>
        <TopLine Value="202"/>
        <CursorPos X="51" Y="194"/>
        <UsageCount Value="23"/>
      </Unit12>
      <Unit13>
        <Filename Value="..\..\..\..\fpc\2.4.3\source\rtl\objpas\classes\classesh.inc"/>
        <WindowIndex Value="0"/>
        <TopLine Value="666"/>
        <CursorPos X="19" Y="676"/>
        <UsageCount Value="7"/>
      </Unit13>
      <Unit14>
        <Filename Value="..\..\filteriir.pas"/>
        <UnitName Value="FilterIIR"/>
        <WindowIndex Value="0"/>
        <TopLine Value="106"/>
        <CursorPos X="42" Y="71"/>
        <UsageCount Value="23"/>
      </Unit14>
      <Unit15>
        <Filename Value="..\..\UOperator.pas"/>
        <UnitName Value="UOperator"/>
        <WindowIndex Value="0"/>
        <TopLine Value="122"/>
        <CursorPos X="1" Y="128"/>
        <UsageCount Value="23"/>
      </Unit15>
      <Unit16>
        <Filename Value="..\..\..\..\lcl\include\customform.inc"/>
        <WindowIndex Value="0"/>
        <TopLine Value="2831"/>
        <CursorPos X="1" Y="2841"/>
        <UsageCount Value="14"/>
      </Unit16>
      <Unit17>
        <Filename Value="..\..\UType.pas"/>
        <UnitName Value="UType"/>
        <WindowIndex Value="0"/>
        <TopLine Value="7"/>
        <CursorPos X="48" Y="12"/>
        <UsageCount Value="23"/>
      </Unit17>
      <Unit18>
        <Filename Value="..\..\..\..\fpc\2.4.3\source\rtl\inc\mathh.inc"/>
        <WindowIndex Value="0"/>
        <TopLine Value="51"/>
        <CursorPos X="15" Y="69"/>
        <UsageCount Value="21"/>
      </Unit18>
      <Unit19>
        <Filename Value="..\..\..\..\fpc\2.4.3\source\rtl\win\systhrd.inc"/>
        <WindowIndex Value="0"/>
        <TopLine Value="319"/>
        <CursorPos X="15" Y="328"/>
        <UsageCount Value="12"/>
      </Unit19>
      <Unit20>
        <Filename Value="..\..\UConst.pas"/>
        <UnitName Value="UConst"/>
        <WindowIndex Value="0"/>
        <TopLine Value="2"/>
        <CursorPos X="24" Y="13"/>
        <UsageCount Value="19"/>
      </Unit20>
      <Unit21>
        <Filename Value="..\..\..\..\fpc\2.4.3\source\rtl\objpas\math.pp"/>
        <UnitName Value="math"/>
        <WindowIndex Value="0"/>
        <TopLine Value="61"/>
        <CursorPos X="10" Y="71"/>
        <UsageCount Value="9"/>
      </Unit21>
      <Unit22>
        <Filename Value="..\..\filteriirpbchebyshev.pas"/>
        <UnitName Value="FilterIIRPBChebyshev"/>
        <WindowIndex Value="0"/>
        <TopLine Value="167"/>
        <CursorPos X="28" Y="184"/>
        <UsageCount Value="11"/>
      </Unit22>
      <Unit23>
        <Filename Value="..\..\filteriirpbbessel.pas"/>
        <UnitName Value="FilterIIRPBBessel"/>
        <WindowIndex Value="0"/>
        <TopLine Value="137"/>
        <CursorPos X="29" Y="156"/>
        <UsageCount Value="10"/>
      </Unit23>
      <Unit24>
        <Filename Value="..\..\filteriirpabutterworth.pas"/>
        <UnitName Value="FilterIIRPAButterworth"/>
        <WindowIndex Value="0"/>
        <TopLine Value="119"/>
        <CursorPos X="26" Y="138"/>
        <UsageCount Value="10"/>
      </Unit24>
      <Unit25>
        <Filename Value="..\..\filteriirpachebyshev.pas"/>
        <UnitName Value="FilterIIRPAChebyshev"/>
        <WindowIndex Value="0"/>
        <TopLine Value="158"/>
        <CursorPos X="30" Y="177"/>
        <UsageCount Value="10"/>
      </Unit25>
      <Unit26>
        <Filename Value="..\..\filteriirpabessel.pas"/>
        <UnitName Value="FilterIIRPABessel"/>
        <WindowIndex Value="0"/>
        <TopLine Value="136"/>
        <CursorPos X="26" Y="154"/>
        <UsageCount Value="10"/>
      </Unit26>
      <Unit27>
        <Filename Value="..\..\FilterIIRPA.pas"/>
        <UnitName Value="FilterIIRPA"/>
        <WindowIndex Value="0"/>
        <TopLine Value="43"/>
        <CursorPos X="47" Y="45"/>
        <UsageCount Value="11"/>
      </Unit27>
      <Unit28>
        <Filename Value="..\..\filteriirpband.pas"/>
        <UnitName Value="FilterIIRPBand"/>
        <WindowIndex Value="0"/>
        <TopLine Value="77"/>
        <CursorPos X="19" Y="51"/>
        <UsageCount Value="12"/>
      </Unit28>
      <Unit29>
        <Filename Value="..\..\FilterIIRSBand.pas"/>
        <UnitName Value="FilterIIRSBand"/>
        <TopLine Value="42"/>
        <CursorPos X="93" Y="48"/>
        <UsageCount Value="10"/>
      </Unit29>
      <Unit30>
        <Filename Value="..\..\filteriirpbandbutterworth.pas"/>
        <UnitName Value="FilterIIRPBandButterworth"/>
        <TopLine Value="120"/>
        <CursorPos X="3" Y="139"/>
        <UsageCount Value="10"/>
      </Unit30>
      <Unit31>
        <Filename Value="..\..\lazfilterspkg.pas"/>
        <UnitName Value="LazFiltersPkg"/>
        <WindowIndex Value="0"/>
        <TopLine Value="1"/>
        <CursorPos X="59" Y="16"/>
        <UsageCount Value="10"/>
      </Unit31>
      <Unit32>
        <Filename Value="..\..\filteriirpbandchebyshev.pas"/>
        <UnitName Value="FilterIIRPBandChebyshev"/>
        <WindowIndex Value="0"/>
        <TopLine Value="166"/>
        <CursorPos X="32" Y="185"/>
        <UsageCount Value="10"/>
      </Unit32>
      <Unit33>
        <Filename Value="..\..\filteriirpbandbessel.pas"/>
        <UnitName Value="FilterIIRPBandBessel"/>
        <WindowIndex Value="0"/>
        <TopLine Value="148"/>
        <CursorPos X="30" Y="166"/>
        <UsageCount Value="10"/>
      </Unit33>
      <Unit34>
        <Filename Value="..\..\FilterIIRSBandButterworth.pas"/>
        <UnitName Value="FilterIIRSBandButterworth"/>
        <WindowIndex Value="0"/>
        <TopLine Value="157"/>
        <CursorPos X="3" Y="176"/>
        <UsageCount Value="10"/>
      </Unit34>
      <Unit35>
        <Filename Value="..\..\FilterIIRSBandChebyshev.pas"/>
        <UnitName Value="FilterIIRSBandChebyshev"/>
        <WindowIndex Value="0"/>
        <TopLine Value="201"/>
        <CursorPos X="3" Y="220"/>
        <UsageCount Value="10"/>
      </Unit35>
      <Unit36>
        <Filename Value="..\..\filteriirsbandbessel.pas"/>
        <UnitName Value="FilterIIRSBandBessel"/>
        <WindowIndex Value="0"/>
        <TopLine Value="174"/>
        <CursorPos X="29" Y="192"/>
        <UsageCount Value="10"/>
      </Unit36>
      <Unit37>
        <Filename Value="..\..\FilterIIRBS.pas"/>
        <UnitName Value="FilterIIRBS"/>
        <WindowIndex Value="0"/>
        <TopLine Value="96"/>
        <CursorPos X="46" Y="104"/>
        <UsageCount Value="10"/>
      </Unit37>
    </Units>
    <JumpHistory Count="3" HistoryIndex="2">
      <Position1>
        <Filename Value="frmMain.pas"/>
        <Caret Line="12" Column="19" TopLine="1"/>
      </Position1>
      <Position2>
        <Filename Value="frmMain.pas"/>
        <Caret Line="62" Column="42" TopLine="50"/>
      </Position2>
      <Position3>
        <Filename Value="frmMain.pas"/>
        <Caret Line="61" Column="42" TopLine="49"/>
      </Position3>
    </JumpHistory>
  </ProjectOptions>
  <CompilerOptions>
    <Version Value="10"/>
    <PathDelim Value="\"/>
    <Target>
      <Filename Value="FIIRBSButterworth"/>
    </Target>
    <SearchPaths>
      <IncludeFiles Value="$(ProjOutDir)"/>
      <Libraries Value="..\.."/>
      <OtherUnitFiles Value="..\.."/>
      <UnitOutputDirectory Value="lib\$(TargetCPU)-$(TargetOS)"/>
    </SearchPaths>
    <CodeGeneration>
      <Checks>
        <OverflowChecks Value="True"/>
      </Checks>
      <TargetProcessor Value="pentiumm"/>
      <TargetOS Value="win32"/>
      <Optimizations>
        <VariablesInRegisters Value="True"/>
        <OptimizationLevel Value="0"/>
      </Optimizations>
    </CodeGeneration>
    <Linking>
      <Debugging>
        <GenerateDebugInfo Value="True"/>
        <DebugInfoType Value="dsAuto"/>
      </Debugging>
      <Options>
        <Win32>
          <GraphicApplication Value="True"/>
        </Win32>
      </Options>
    </Linking>
    <Other>
      <CompilerMessages>
        <UseMsgFile Value="True"/>
      </CompilerMessages>
      <CompilerPath Value="$(CompPath)"/>
    </Other>
  </CompilerOptions>
  <Debugging>
    <Watches Count="1">
      <Item1>
        <Expression Value="tmp"/>
      </Item1>
    </Watches>
    <Exceptions Count="3" IgnoreAll="True">
      <Item1>
        <Name Value="EAbort"/>
        <Enabled Value="False"/>
      </Item1>
      <Item2>
        <Name Value="ECodetoolError"/>
        <Enabled Value="False"/>
      </Item2>
      <Item3>
        <Name Value="EFOpenError"/>
        <Enabled Value="False"/>
      </Item3>
    </Exceptions>
  </Debugging>
</CONFIG>
