<?xml version="1.0"?>
<CONFIG>
  <ProjectOptions>
    <Version Value="9"/>
    <PathDelim Value="\"/>
    <General>
      <MainUnit Value="0"/>
      <Title Value="FIIRBPBessel"/>
      <ResourceType Value="res"/>
      <UseXPManifest Value="True"/>
      <Icon Value="0"/>
      <ActiveWindowIndexAtStart Value="0"/>
    </General>
    <VersionInfo>
      <Language Value=""/>
      <CharSet Value=""/>
      <StringTable ProductVersion=""/>
    </VersionInfo>
    <BuildModes Count="1">
      <Item1 Name="default" Default="True"/>
    </BuildModes>
    <PublishOptions>
      <Version Value="2"/>
      <IgnoreBinaries Value="False"/>
      <IncludeFileFilter Value="*.(pas|pp|inc|lfm|lpr|lrs|lpi|lpk|sh|xml)"/>
      <ExcludeFileFilter Value="*.(bak|ppu|ppw|o|so);*~;backup"/>
    </PublishOptions>
    <RunParams>
      <local>
        <FormatVersion Value="1"/>
        <LaunchingApplication PathPlusParams="/usr/X11R6/bin/xterm -T 'Lazarus Run Output' -e $(LazarusDir)/tools/runwait.sh $(TargetCmdLine)"/>
      </local>
    </RunParams>
    <RequiredPackages Count="5">
      <Item1>
        <PackageName Value="LazFiltersPkg"/>
        <MinVersion Minor="1" Valid="True"/>
      </Item1>
      <Item2>
        <PackageName Value="FCL"/>
        <MinVersion Major="1" Valid="True"/>
      </Item2>
      <Item3>
        <PackageName Value="MemDSLaz"/>
        <MinVersion Major="1" Minor="2" Valid="True" Release="1"/>
      </Item3>
      <Item4>
        <PackageName Value="TAChartLazarusPkg"/>
        <MinVersion Major="1" Valid="True"/>
      </Item4>
      <Item5>
        <PackageName Value="LCL"/>
      </Item5>
    </RequiredPackages>
    <Units Count="30">
      <Unit0>
        <Filename Value="FIIRBPBessel.lpr"/>
        <IsPartOfProject Value="True"/>
        <UnitName Value="FIIRBPBessel"/>
        <WindowIndex Value="0"/>
        <TopLine Value="1"/>
        <CursorPos X="30" Y="14"/>
        <UsageCount Value="80"/>
      </Unit0>
      <Unit1>
        <Filename Value="frmMain.pas"/>
        <IsPartOfProject Value="True"/>
        <ComponentName Value="Form1"/>
        <ResourceBaseClass Value="Form"/>
        <UnitName Value="frmMain"/>
        <IsVisibleTab Value="True"/>
        <EditorIndex Value="0"/>
        <WindowIndex Value="0"/>
        <TopLine Value="58"/>
        <CursorPos X="17" Y="61"/>
        <UsageCount Value="80"/>
        <Loaded Value="True"/>
        <LoadedDesigner Value="True"/>
      </Unit1>
      <Unit2>
        <Filename Value="..\..\Source\dspIIRFilters.pas"/>
        <UnitName Value="dspIIRFilters"/>
        <WindowIndex Value="0"/>
        <TopLine Value="120"/>
        <CursorPos X="6" Y="152"/>
        <UsageCount Value="18"/>
      </Unit2>
      <Unit3>
        <Filename Value="..\..\Source\dspComplex.pas"/>
        <UnitName Value="dspcomplex"/>
        <WindowIndex Value="0"/>
        <TopLine Value="160"/>
        <CursorPos X="23" Y="154"/>
        <UsageCount Value="18"/>
      </Unit3>
      <Unit4>
        <Filename Value="..\..\Source\dspTypes.pas"/>
        <UnitName Value="dspTypes"/>
        <WindowIndex Value="0"/>
        <TopLine Value="1"/>
        <CursorPos X="18" Y="6"/>
        <UsageCount Value="18"/>
      </Unit4>
      <Unit5>
        <Filename Value="..\..\..\..\lcl\include\control.inc"/>
        <WindowIndex Value="0"/>
        <TopLine Value="3179"/>
        <CursorPos X="1" Y="3189"/>
        <UsageCount Value="21"/>
      </Unit5>
      <Unit6>
        <Filename Value="..\..\..\..\lcl\lresources.pp"/>
        <UnitName Value="LResources"/>
        <WindowIndex Value="0"/>
        <TopLine Value="757"/>
        <CursorPos X="1" Y="767"/>
        <UsageCount Value="21"/>
      </Unit6>
      <Unit7>
        <Filename Value="..\..\..\..\fpc\2.4.1\source\rtl\inc\mathh.inc"/>
        <TopLine Value="4"/>
        <CursorPos X="60" Y="90"/>
        <UsageCount Value="9"/>
      </Unit7>
      <Unit8>
        <Filename Value="..\..\..\..\fpc\2.4.1\source\rtl\objpas\math.pp"/>
        <UnitName Value="math"/>
        <TopLine Value="248"/>
        <CursorPos X="13" Y="265"/>
        <UsageCount Value="9"/>
      </Unit8>
      <Unit9>
        <Filename Value="..\..\..\..\fpc\2.4.1\source\rtl\i386\mathu.inc"/>
        <TopLine Value="10"/>
        <CursorPos X="32" Y="23"/>
        <UsageCount Value="9"/>
      </Unit9>
      <Unit10>
        <Filename Value="..\..\filteriirpbbutterworth.pas"/>
        <UnitName Value="FilterIIRPBButterworth"/>
        <WindowIndex Value="0"/>
        <TopLine Value="56"/>
        <CursorPos X="31" Y="69"/>
        <UsageCount Value="24"/>
      </Unit10>
      <Unit11>
        <Filename Value="..\..\filteriirpb.pas"/>
        <UnitName Value="FilterIIRPB"/>
        <WindowIndex Value="0"/>
        <TopLine Value="79"/>
        <CursorPos X="50" Y="99"/>
        <UsageCount Value="23"/>
      </Unit11>
      <Unit12>
        <Filename Value="..\..\filter.pas"/>
        <UnitName Value="Filter"/>
        <WindowIndex Value="0"/>
        <TopLine Value="18"/>
        <CursorPos X="18" Y="29"/>
        <UsageCount Value="23"/>
      </Unit12>
      <Unit13>
        <Filename Value="..\..\..\..\fpc\2.4.3\source\rtl\objpas\classes\classesh.inc"/>
        <WindowIndex Value="0"/>
        <TopLine Value="666"/>
        <CursorPos X="19" Y="676"/>
        <UsageCount Value="7"/>
      </Unit13>
      <Unit14>
        <Filename Value="..\..\filteriir.pas"/>
        <UnitName Value="FilterIIR"/>
        <WindowIndex Value="0"/>
        <TopLine Value="57"/>
        <CursorPos X="1" Y="75"/>
        <UsageCount Value="23"/>
      </Unit14>
      <Unit15>
        <Filename Value="..\..\UOperator.pas"/>
        <UnitName Value="UOperator"/>
        <WindowIndex Value="0"/>
        <TopLine Value="10"/>
        <CursorPos X="1" Y="53"/>
        <UsageCount Value="23"/>
      </Unit15>
      <Unit16>
        <Filename Value="..\..\..\..\lcl\include\customform.inc"/>
        <WindowIndex Value="0"/>
        <TopLine Value="2831"/>
        <CursorPos X="1" Y="2841"/>
        <UsageCount Value="14"/>
      </Unit16>
      <Unit17>
        <Filename Value="..\..\UType.pas"/>
        <UnitName Value="UType"/>
        <WindowIndex Value="0"/>
        <TopLine Value="1"/>
        <CursorPos X="22" Y="12"/>
        <UsageCount Value="23"/>
      </Unit17>
      <Unit18>
        <Filename Value="..\..\..\..\fpc\2.4.3\source\rtl\inc\mathh.inc"/>
        <WindowIndex Value="0"/>
        <TopLine Value="67"/>
        <CursorPos X="64" Y="86"/>
        <UsageCount Value="21"/>
      </Unit18>
      <Unit19>
        <Filename Value="..\..\..\..\fpc\2.4.3\source\rtl\win\systhrd.inc"/>
        <WindowIndex Value="0"/>
        <TopLine Value="319"/>
        <CursorPos X="15" Y="328"/>
        <UsageCount Value="12"/>
      </Unit19>
      <Unit20>
        <Filename Value="..\..\UConst.pas"/>
        <UnitName Value="UConst"/>
        <WindowIndex Value="0"/>
        <TopLine Value="2"/>
        <CursorPos X="36" Y="13"/>
        <UsageCount Value="20"/>
      </Unit20>
      <Unit21>
        <Filename Value="..\..\..\..\fpc\2.4.3\source\rtl\objpas\math.pp"/>
        <UnitName Value="math"/>
        <WindowIndex Value="0"/>
        <TopLine Value="61"/>
        <CursorPos X="10" Y="71"/>
        <UsageCount Value="9"/>
      </Unit21>
      <Unit22>
        <Filename Value="..\..\filteriirpbchebyshev.pas"/>
        <UnitName Value="FilterIIRPBChebyshev"/>
        <TopLine Value="4"/>
        <CursorPos X="20" Y="15"/>
        <UsageCount Value="11"/>
      </Unit22>
      <Unit23>
        <Filename Value="..\..\filteriirpbbessel.pas"/>
        <UnitName Value="FilterIIRPBBessel"/>
        <WindowIndex Value="0"/>
        <TopLine Value="100"/>
        <CursorPos X="11" Y="106"/>
        <UsageCount Value="10"/>
      </Unit23>
      <Unit24>
        <Filename Value="..\..\..\..\components\tachart\tatypes.pas"/>
        <UnitName Value="TATypes"/>
        <WindowIndex Value="0"/>
        <TopLine Value="856"/>
        <CursorPos X="1" Y="868"/>
        <UsageCount Value="10"/>
      </Unit24>
      <Unit25>
        <Filename Value="..\..\..\..\lcl\customtimer.pas"/>
        <UnitName Value="CustomTimer"/>
        <WindowIndex Value="0"/>
        <TopLine Value="182"/>
        <CursorPos X="38" Y="196"/>
        <UsageCount Value="10"/>
      </Unit25>
      <Unit26>
        <Filename Value="..\..\..\..\fpc\2.4.3\source\rtl\inc\systemh.inc"/>
        <WindowIndex Value="0"/>
        <TopLine Value="109"/>
        <CursorPos X="21" Y="120"/>
        <UsageCount Value="10"/>
      </Unit26>
      <Unit27>
        <Filename Value="..\..\FilterIIRPA.pas"/>
        <UnitName Value="FilterIIRPA"/>
        <WindowIndex Value="0"/>
        <TopLine Value="7"/>
        <CursorPos X="53" Y="96"/>
        <UsageCount Value="10"/>
      </Unit27>
      <Unit28>
        <Filename Value="..\..\filteriirpband.pas"/>
        <UnitName Value="FilterIIRPBand"/>
        <TopLine Value="58"/>
        <CursorPos X="46" Y="64"/>
        <UsageCount Value="10"/>
      </Unit28>
      <Unit29>
        <Filename Value="..\..\filteriirsbandbutterworth.pas"/>
        <UnitName Value="FilterIIRSBandButterworth"/>
        <WindowIndex Value="0"/>
        <TopLine Value="114"/>
        <CursorPos X="29" Y="124"/>
        <UsageCount Value="10"/>
      </Unit29>
    </Units>
    <JumpHistory Count="30" HistoryIndex="29">
      <Position1>
        <Filename Value="frmMain.pas"/>
        <Caret Line="187" Column="26" TopLine="182"/>
      </Position1>
      <Position2>
        <Filename Value="frmMain.pas"/>
        <Caret Line="186" Column="26" TopLine="181"/>
      </Position2>
      <Position3>
        <Filename Value="frmMain.pas"/>
        <Caret Line="185" Column="26" TopLine="180"/>
      </Position3>
      <Position4>
        <Filename Value="frmMain.pas"/>
        <Caret Line="184" Column="26" TopLine="179"/>
      </Position4>
      <Position5>
        <Filename Value="frmMain.pas"/>
        <Caret Line="183" Column="26" TopLine="178"/>
      </Position5>
      <Position6>
        <Filename Value="frmMain.pas"/>
        <Caret Line="182" Column="26" TopLine="177"/>
      </Position6>
      <Position7>
        <Filename Value="frmMain.pas"/>
        <Caret Line="181" Column="26" TopLine="176"/>
      </Position7>
      <Position8>
        <Filename Value="frmMain.pas"/>
        <Caret Line="180" Column="26" TopLine="175"/>
      </Position8>
      <Position9>
        <Filename Value="frmMain.pas"/>
        <Caret Line="179" Column="26" TopLine="174"/>
      </Position9>
      <Position10>
        <Filename Value="frmMain.pas"/>
        <Caret Line="178" Column="26" TopLine="173"/>
      </Position10>
      <Position11>
        <Filename Value="frmMain.pas"/>
        <Caret Line="177" Column="26" TopLine="172"/>
      </Position11>
      <Position12>
        <Filename Value="frmMain.pas"/>
        <Caret Line="176" Column="26" TopLine="171"/>
      </Position12>
      <Position13>
        <Filename Value="frmMain.pas"/>
        <Caret Line="175" Column="26" TopLine="170"/>
      </Position13>
      <Position14>
        <Filename Value="frmMain.pas"/>
        <Caret Line="174" Column="26" TopLine="169"/>
      </Position14>
      <Position15>
        <Filename Value="frmMain.pas"/>
        <Caret Line="173" Column="26" TopLine="168"/>
      </Position15>
      <Position16>
        <Filename Value="frmMain.pas"/>
        <Caret Line="172" Column="26" TopLine="167"/>
      </Position16>
      <Position17>
        <Filename Value="frmMain.pas"/>
        <Caret Line="171" Column="26" TopLine="166"/>
      </Position17>
      <Position18>
        <Filename Value="frmMain.pas"/>
        <Caret Line="170" Column="26" TopLine="165"/>
      </Position18>
      <Position19>
        <Filename Value="frmMain.pas"/>
        <Caret Line="169" Column="26" TopLine="164"/>
      </Position19>
      <Position20>
        <Filename Value="frmMain.pas"/>
        <Caret Line="168" Column="26" TopLine="163"/>
      </Position20>
      <Position21>
        <Filename Value="frmMain.pas"/>
        <Caret Line="167" Column="26" TopLine="162"/>
      </Position21>
      <Position22>
        <Filename Value="frmMain.pas"/>
        <Caret Line="184" Column="26" TopLine="179"/>
      </Position22>
      <Position23>
        <Filename Value="frmMain.pas"/>
        <Caret Line="68" Column="17" TopLine="65"/>
      </Position23>
      <Position24>
        <Filename Value="frmMain.pas"/>
        <Caret Line="67" Column="17" TopLine="64"/>
      </Position24>
      <Position25>
        <Filename Value="frmMain.pas"/>
        <Caret Line="66" Column="17" TopLine="63"/>
      </Position25>
      <Position26>
        <Filename Value="frmMain.pas"/>
        <Caret Line="65" Column="17" TopLine="62"/>
      </Position26>
      <Position27>
        <Filename Value="frmMain.pas"/>
        <Caret Line="64" Column="17" TopLine="61"/>
      </Position27>
      <Position28>
        <Filename Value="frmMain.pas"/>
        <Caret Line="63" Column="17" TopLine="60"/>
      </Position28>
      <Position29>
        <Filename Value="frmMain.pas"/>
        <Caret Line="62" Column="17" TopLine="59"/>
      </Position29>
      <Position30>
        <Filename Value="frmMain.pas"/>
        <Caret Line="61" Column="17" TopLine="58"/>
      </Position30>
    </JumpHistory>
  </ProjectOptions>
  <CompilerOptions>
    <Version Value="10"/>
    <PathDelim Value="\"/>
    <Target>
      <Filename Value="FIIRBPBessel"/>
    </Target>
    <SearchPaths>
      <IncludeFiles Value="$(ProjOutDir)"/>
      <Libraries Value="..\.."/>
      <OtherUnitFiles Value="..\.."/>
      <UnitOutputDirectory Value="lib\$(TargetCPU)-$(TargetOS)"/>
    </SearchPaths>
    <CodeGeneration>
      <Checks>
        <OverflowChecks Value="True"/>
      </Checks>
      <TargetOS Value="win32"/>
      <Optimizations>
        <VariablesInRegisters Value="True"/>
        <OptimizationLevel Value="0"/>
      </Optimizations>
    </CodeGeneration>
    <Linking>
      <Debugging>
        <GenerateDebugInfo Value="True"/>
        <DebugInfoType Value="dsAuto"/>
      </Debugging>
      <Options>
        <Win32>
          <GraphicApplication Value="True"/>
        </Win32>
      </Options>
    </Linking>
    <Other>
      <CompilerMessages>
        <UseMsgFile Value="True"/>
      </CompilerMessages>
      <CompilerPath Value="$(CompPath)"/>
    </Other>
  </CompilerOptions>
  <Debugging>
    <Watches Count="1">
      <Item1>
        <Expression Value="tmp"/>
      </Item1>
    </Watches>
    <Exceptions Count="3" IgnoreAll="True">
      <Item1>
        <Name Value="EAbort"/>
        <Enabled Value="False"/>
      </Item1>
      <Item2>
        <Name Value="ECodetoolError"/>
        <Enabled Value="False"/>
      </Item2>
      <Item3>
        <Name Value="EFOpenError"/>
        <Enabled Value="False"/>
      </Item3>
    </Exceptions>
  </Debugging>
</CONFIG>
